
Microsoft Visual Studio Solution File, Format Version 12.00
# Visual Studio Version 17
VisualStudioVersion = 17.8.34525.116
MinimumVisualStudioVersion = 10.0.40219.1
Project("{FAE04EC0-301F-11D3-BF4B-00C04F79EFBC}") = "Mayın Tarlası", "Mayın Tarlası.csproj", "{CF08208B-A0FC-42D2-BA6D-61242BC0834A}"
EndProject
Global
	GlobalSection(SolutionConfigurationPlatforms) = preSolution
		Debug|Any CPU = Debug|Any CPU
		Release|Any CPU = Release|Any CPU
	EndGlobalSection
	GlobalSection(ProjectConfigurationPlatforms) = postSolution
		{CF08208B-A0FC-42D2-BA6D-61242BC0834A}.Debug|Any CPU.ActiveCfg = Debug|Any CPU
		{CF08208B-A0FC-42D2-BA6D-61242BC0834A}.Debug|Any CPU.Build.0 = Debug|Any CPU
		{CF08208B-A0FC-42D2-BA6D-61242BC0834A}.Release|Any CPU.ActiveCfg = Release|Any CPU
		{CF08208B-A0FC-42D2-BA6D-61242BC0834A}.Release|Any CPU.Build.0 = Release|Any CPU
	EndGlobalSection
	GlobalSection(SolutionProperties) = preSolution
		HideSolutionNode = FALSE
	EndGlobalSection
	GlobalSection(ExtensibilityGlobals) = postSolution
		SolutionGuid = {C13A1D81-9E6E-406B-A511-F1CFB9B129AF}
	EndGlobalSection
EndGlobal
